
Microsoft Visual Studio Solution File, Format Version 12.00
# Visual Studio Version 17
VisualStudioVersion = 17.2.32616.157
MinimumVisualStudioVersion = 10.0.40219.1
Project("{FAE04EC0-301F-11D3-BF4B-00C04F79EFBC}") = "DemoNetCoreWebAPI", "DemoNetCoreWebAPI\DemoNetCoreWebAPI.csproj", "{B2B4891B-F776-43A7-AD57-E06D20C743DB}"
EndProject
Global
	GlobalSection(SolutionConfigurationPlatforms) = preSolution
		Debug|Any CPU = Debug|Any CPU
		Release|Any CPU = Release|Any CPU
	EndGlobalSection
	GlobalSection(ProjectConfigurationPlatforms) = postSolution
		{B2B4891B-F776-43A7-AD57-E06D20C743DB}.Debug|Any CPU.ActiveCfg = Debug|Any CPU
		{B2B4891B-F776-43A7-AD57-E06D20C743DB}.Debug|Any CPU.Build.0 = Debug|Any CPU
		{B2B4891B-F776-43A7-AD57-E06D20C743DB}.Release|Any CPU.ActiveCfg = Release|Any CPU
		{B2B4891B-F776-43A7-AD57-E06D20C743DB}.Release|Any CPU.Build.0 = Release|Any CPU
	EndGlobalSection
	GlobalSection(SolutionProperties) = preSolution
		HideSolutionNode = FALSE
	EndGlobalSection
	GlobalSection(ExtensibilityGlobals) = postSolution
		SolutionGuid = {37167C90-81B6-4018-B7F6-A16B16A5A84E}
	EndGlobalSection
EndGlobal
